PODS:
  - GoogleMaps (2.7.0):
    - GoogleMaps/Maps (= 2.7.0)
  - GoogleMaps/Base (2.7.0)
  - GoogleMaps/Maps (2.7.0):
    - GoogleMaps/Base
  - SwiftyJSON (4.0.0)

DEPENDENCIES:
  - GoogleMaps
  - SwiftyJSON

SPEC REPOS:
  trunk:
    - GoogleMaps
    - SwiftyJSON

SPEC CHECKSUMS:
  GoogleMaps: f79af95cb24d869457b1f961c93d3ce8b2f3b848
  SwiftyJSON: 070dabdcb1beb81b247c65ffa3a79dbbfb3b48aa

PODFILE CHECKSUM: 330b017aa5e45bafc9d39a8f49bfed2db4d5c238

COCOAPODS: 1.8.4
